
Microsoft Visual Studio Solution File, Format Version 12.00
# Visual Studio Version 16
VisualStudioVersion = 16.0.31205.134
MinimumVisualStudioVersion = 10.0.40219.1
Project("{FAE04EC0-301F-11D3-BF4B-00C04F79EFBC}") = "Inf2_P5_Roulette", "Inf2_P5_Roulette\Inf2_P5_Roulette.csproj", "{EA28FD36-BD49-4845-B5B5-5B182C14E24C}"
EndProject
Global
	GlobalSection(SolutionConfigurationPlatforms) = preSolution
		Debug|Any CPU = Debug|Any CPU
		Release|Any CPU = Release|Any CPU
	EndGlobalSection
	GlobalSection(ProjectConfigurationPlatforms) = postSolution
		{EA28FD36-BD49-4845-B5B5-5B182C14E24C}.Debug|Any CPU.ActiveCfg = Debug|Any CPU
		{EA28FD36-BD49-4845-B5B5-5B182C14E24C}.Debug|Any CPU.Build.0 = Debug|Any CPU
		{EA28FD36-BD49-4845-B5B5-5B182C14E24C}.Release|Any CPU.ActiveCfg = Release|Any CPU
		{EA28FD36-BD49-4845-B5B5-5B182C14E24C}.Release|Any CPU.Build.0 = Release|Any CPU
	EndGlobalSection
	GlobalSection(SolutionProperties) = preSolution
		HideSolutionNode = FALSE
	EndGlobalSection
	GlobalSection(ExtensibilityGlobals) = postSolution
		SolutionGuid = {C42BA407-93CC-4A23-9330-F250B294BA69}
	EndGlobalSection
EndGlobal
